<?xml version="1.0" encoding="utf-8"?>
<!--
 |  Copyright (c) 2014-2015 libbitcoin-server developers (see COPYING).
 |
 |         GENERATED SOURCE CODE, DO NOT EDIT EXCEPT EXPERIMENTALLY
 |
 -->
<Project DefaultTargets="Build" ToolsVersion="4.0" xmlns="http://schemas.microsoft.com/developer/msbuild/2003">
  <ItemGroup>
    <Filter Include="resource">
      <UniqueIdentifier>{F45B7D90-90BC-41EF-0000-000000000001}</UniqueIdentifier>
    </Filter>
    <Filter Include="src">
      <UniqueIdentifier>{F45B7D90-90BC-41EF-0000-000000000000}</UniqueIdentifier>
    </Filter>
  </ItemGroup>
  <ItemGroup>
    <ClCompile Include="..\..\..\..\console\executor.cpp">
      <Filter>src</Filter>
    </ClCompile>
    <ClCompile Include="..\..\..\..\console\main.cpp">
      <Filter>src</Filter>
    </ClCompile>
  </ItemGroup>
  <ItemGroup>
    <ClInclude Include="..\..\..\..\console\executor.hpp">
      <Filter>src</Filter>
    </ClInclude>
    <ClInclude Include="..\..\resource.h">
      <Filter>resource</Filter>
    </ClInclude>
  </ItemGroup>
  <ItemGroup>
    <None Include="packages.config" />
  </ItemGroup>
  <ItemGroup>
    <ResourceCompile Include="..\..\resource.rc">
      <Filter>resource</Filter>
    </ResourceCompile>
  </ItemGroup>
</Project>
