<?xml version="1.0" encoding="utf-8"?>
<!--
 |  Copyright (c) 2014-2018 libbitcoin-server developers (see COPYING).
 |
 |         GENERATED SOURCE CODE, DO NOT EDIT EXCEPT EXPERIMENTALLY
 |
 -->
<Project DefaultTargets="Build" ToolsVersion="15.0" xmlns="http://schemas.microsoft.com/developer/msbuild/2003">
  <ItemGroup>
    <Filter Include="include">
      <UniqueIdentifier>{73CE0AC2-ECB2-4E8D-0000-000000000007}</UniqueIdentifier>
    </Filter>
    <Filter Include="include\bitcoin">
      <UniqueIdentifier>{73CE0AC2-ECB2-4E8D-0000-000000000008}</UniqueIdentifier>
    </Filter>
    <Filter Include="include\bitcoin\server">
      <UniqueIdentifier>{73CE0AC2-ECB2-4E8D-0000-000000000009}</UniqueIdentifier>
    </Filter>
    <Filter Include="include\bitcoin\server\interface">
      <UniqueIdentifier>{73CE0AC2-ECB2-4E8D-0000-00000000000A}</UniqueIdentifier>
    </Filter>
    <Filter Include="include\bitcoin\server\messages">
      <UniqueIdentifier>{73CE0AC2-ECB2-4E8D-0000-00000000000B}</UniqueIdentifier>
    </Filter>
    <Filter Include="include\bitcoin\server\services">
      <UniqueIdentifier>{73CE0AC2-ECB2-4E8D-0000-00000000000C}</UniqueIdentifier>
    </Filter>
    <Filter Include="include\bitcoin\server\web">
      <UniqueIdentifier>{73CE0AC2-ECB2-4E8D-0000-00000000000D}</UniqueIdentifier>
    </Filter>
    <Filter Include="include\bitcoin\server\workers">
      <UniqueIdentifier>{73CE0AC2-ECB2-4E8D-0000-00000000000E}</UniqueIdentifier>
    </Filter>
    <Filter Include="resource">
      <UniqueIdentifier>{73CE0AC2-ECB2-4E8D-0000-00000000000F}</UniqueIdentifier>
    </Filter>
    <Filter Include="src">
      <UniqueIdentifier>{73CE0AC2-ECB2-4E8D-0000-000000000000}</UniqueIdentifier>
    </Filter>
    <Filter Include="src\interface">
      <UniqueIdentifier>{73CE0AC2-ECB2-4E8D-0000-000000000001}</UniqueIdentifier>
    </Filter>
    <Filter Include="src\messages">
      <UniqueIdentifier>{73CE0AC2-ECB2-4E8D-0000-000000000002}</UniqueIdentifier>
    </Filter>
    <Filter Include="src\services">
      <UniqueIdentifier>{73CE0AC2-ECB2-4E8D-0000-000000000003}</UniqueIdentifier>
    </Filter>
    <Filter Include="src\web">
      <UniqueIdentifier>{73CE0AC2-ECB2-4E8D-0000-000000000004}</UniqueIdentifier>
    </Filter>
    <Filter Include="src\web\http">
      <UniqueIdentifier>{73CE0AC2-ECB2-4E8D-0000-000000000006}</UniqueIdentifier>
    </Filter>
    <Filter Include="src\workers">
      <UniqueIdentifier>{73CE0AC2-ECB2-4E8D-0000-000000000005}</UniqueIdentifier>
    </Filter>
  </ItemGroup>
  <ItemGroup>
    <ClCompile Include="..\..\..\..\src\configuration.cpp">
      <Filter>src</Filter>
    </ClCompile>
    <ClCompile Include="..\..\..\..\src\interface\blockchain.cpp">
      <Filter>src\interface</Filter>
    </ClCompile>
    <ClCompile Include="..\..\..\..\src\interface\subscribe.cpp">
      <Filter>src\interface</Filter>
    </ClCompile>
    <ClCompile Include="..\..\..\..\src\interface\transaction_pool.cpp">
      <Filter>src\interface</Filter>
    </ClCompile>
    <ClCompile Include="..\..\..\..\src\interface\unsubscribe.cpp">
      <Filter>src\interface</Filter>
    </ClCompile>
    <ClCompile Include="..\..\..\..\src\messages\message.cpp">
      <Filter>src\messages</Filter>
    </ClCompile>
    <ClCompile Include="..\..\..\..\src\messages\route.cpp">
      <Filter>src\messages</Filter>
    </ClCompile>
    <ClCompile Include="..\..\..\..\src\messages\subscription.cpp">
      <Filter>src\messages</Filter>
    </ClCompile>
    <ClCompile Include="..\..\..\..\src\parser.cpp">
      <Filter>src</Filter>
    </ClCompile>
    <ClCompile Include="..\..\..\..\src\server_node.cpp">
      <Filter>src</Filter>
    </ClCompile>
    <ClCompile Include="..\..\..\..\src\services\block_service.cpp">
      <Filter>src\services</Filter>
    </ClCompile>
    <ClCompile Include="..\..\..\..\src\services\heartbeat_service.cpp">
      <Filter>src\services</Filter>
    </ClCompile>
    <ClCompile Include="..\..\..\..\src\services\query_service.cpp">
      <Filter>src\services</Filter>
    </ClCompile>
    <ClCompile Include="..\..\..\..\src\services\transaction_service.cpp">
      <Filter>src\services</Filter>
    </ClCompile>
    <ClCompile Include="..\..\..\..\src\settings.cpp">
      <Filter>src</Filter>
    </ClCompile>
    <ClCompile Include="..\..\..\..\src\web\block_socket.cpp">
      <Filter>src\web</Filter>
    </ClCompile>
    <ClCompile Include="..\..\..\..\src\web\heartbeat_socket.cpp">
      <Filter>src\web</Filter>
    </ClCompile>
    <ClCompile Include="..\..\..\..\src\web\http\connection.cpp">
      <Filter>src\web\http</Filter>
    </ClCompile>
    <ClCompile Include="..\..\..\..\src\web\http\manager.cpp">
      <Filter>src\web\http</Filter>
    </ClCompile>
    <ClCompile Include="..\..\..\..\src\web\http\utilities.cpp">
      <Filter>src\web\http</Filter>
    </ClCompile>
    <ClCompile Include="..\..\..\..\src\web\json_string.cpp">
      <Filter>src\web</Filter>
    </ClCompile>
    <ClCompile Include="..\..\..\..\src\web\query_socket.cpp">
      <Filter>src\web</Filter>
    </ClCompile>
    <ClCompile Include="..\..\..\..\src\web\socket.cpp">
      <Filter>src\web</Filter>
    </ClCompile>
    <ClCompile Include="..\..\..\..\src\web\transaction_socket.cpp">
      <Filter>src\web</Filter>
    </ClCompile>
    <ClCompile Include="..\..\..\..\src\workers\authenticator.cpp">
      <Filter>src\workers</Filter>
    </ClCompile>
    <ClCompile Include="..\..\..\..\src\workers\notification_worker.cpp">
      <Filter>src\workers</Filter>
    </ClCompile>
    <ClCompile Include="..\..\..\..\src\workers\query_worker.cpp">
      <Filter>src\workers</Filter>
    </ClCompile>
  </ItemGroup>
  <ItemGroup>
    <ClInclude Include="..\..\..\..\include\bitcoin\server.hpp">
      <Filter>include\bitcoin</Filter>
    </ClInclude>
    <ClInclude Include="..\..\..\..\include\bitcoin\server\configuration.hpp">
      <Filter>include\bitcoin\server</Filter>
    </ClInclude>
    <ClInclude Include="..\..\..\..\include\bitcoin\server\define.hpp">
      <Filter>include\bitcoin\server</Filter>
    </ClInclude>
    <ClInclude Include="..\..\..\..\include\bitcoin\server\interface\blockchain.hpp">
      <Filter>include\bitcoin\server\interface</Filter>
    </ClInclude>
    <ClInclude Include="..\..\..\..\include\bitcoin\server\interface\subscribe.hpp">
      <Filter>include\bitcoin\server\interface</Filter>
    </ClInclude>
    <ClInclude Include="..\..\..\..\include\bitcoin\server\interface\transaction_pool.hpp">
      <Filter>include\bitcoin\server\interface</Filter>
    </ClInclude>
    <ClInclude Include="..\..\..\..\include\bitcoin\server\interface\unsubscribe.hpp">
      <Filter>include\bitcoin\server\interface</Filter>
    </ClInclude>
    <ClInclude Include="..\..\..\..\include\bitcoin\server\messages\message.hpp">
      <Filter>include\bitcoin\server\messages</Filter>
    </ClInclude>
    <ClInclude Include="..\..\..\..\include\bitcoin\server\messages\route.hpp">
      <Filter>include\bitcoin\server\messages</Filter>
    </ClInclude>
    <ClInclude Include="..\..\..\..\include\bitcoin\server\messages\subscription.hpp">
      <Filter>include\bitcoin\server\messages</Filter>
    </ClInclude>
    <ClInclude Include="..\..\..\..\include\bitcoin\server\parser.hpp">
      <Filter>include\bitcoin\server</Filter>
    </ClInclude>
    <ClInclude Include="..\..\..\..\include\bitcoin\server\server_node.hpp">
      <Filter>include\bitcoin\server</Filter>
    </ClInclude>
    <ClInclude Include="..\..\..\..\include\bitcoin\server\services\block_service.hpp">
      <Filter>include\bitcoin\server\services</Filter>
    </ClInclude>
    <ClInclude Include="..\..\..\..\include\bitcoin\server\services\heartbeat_service.hpp">
      <Filter>include\bitcoin\server\services</Filter>
    </ClInclude>
    <ClInclude Include="..\..\..\..\include\bitcoin\server\services\query_service.hpp">
      <Filter>include\bitcoin\server\services</Filter>
    </ClInclude>
    <ClInclude Include="..\..\..\..\include\bitcoin\server\services\transaction_service.hpp">
      <Filter>include\bitcoin\server\services</Filter>
    </ClInclude>
    <ClInclude Include="..\..\..\..\include\bitcoin\server\settings.hpp">
      <Filter>include\bitcoin\server</Filter>
    </ClInclude>
    <ClInclude Include="..\..\..\..\include\bitcoin\server\version.hpp">
      <Filter>include\bitcoin\server</Filter>
    </ClInclude>
    <ClInclude Include="..\..\..\..\include\bitcoin\server\web\block_socket.hpp">
      <Filter>include\bitcoin\server\web</Filter>
    </ClInclude>
    <ClInclude Include="..\..\..\..\include\bitcoin\server\web\heartbeat_socket.hpp">
      <Filter>include\bitcoin\server\web</Filter>
    </ClInclude>
    <ClInclude Include="..\..\..\..\include\bitcoin\server\web\json_string.hpp">
      <Filter>include\bitcoin\server\web</Filter>
    </ClInclude>
    <ClInclude Include="..\..\..\..\include\bitcoin\server\web\query_socket.hpp">
      <Filter>include\bitcoin\server\web</Filter>
    </ClInclude>
    <ClInclude Include="..\..\..\..\include\bitcoin\server\web\socket.hpp">
      <Filter>include\bitcoin\server\web</Filter>
    </ClInclude>
    <ClInclude Include="..\..\..\..\include\bitcoin\server\web\transaction_socket.hpp">
      <Filter>include\bitcoin\server\web</Filter>
    </ClInclude>
    <ClInclude Include="..\..\..\..\include\bitcoin\server\workers\authenticator.hpp">
      <Filter>include\bitcoin\server\workers</Filter>
    </ClInclude>
    <ClInclude Include="..\..\..\..\include\bitcoin\server\workers\notification_worker.hpp">
      <Filter>include\bitcoin\server\workers</Filter>
    </ClInclude>
    <ClInclude Include="..\..\..\..\include\bitcoin\server\workers\query_worker.hpp">
      <Filter>include\bitcoin\server\workers</Filter>
    </ClInclude>
    <ClInclude Include="..\..\..\..\src\web\http\connection.hpp">
      <Filter>src\web\http</Filter>
    </ClInclude>
    <ClInclude Include="..\..\..\..\src\web\http\http.hpp">
      <Filter>src\web\http</Filter>
    </ClInclude>
    <ClInclude Include="..\..\..\..\src\web\http\manager.hpp">
      <Filter>src\web\http</Filter>
    </ClInclude>
    <ClInclude Include="..\..\..\..\src\web\http\utilities.hpp">
      <Filter>src\web\http</Filter>
    </ClInclude>
    <ClInclude Include="..\..\resource.h">
      <Filter>resource</Filter>
    </ClInclude>
  </ItemGroup>
  <ItemGroup>
    <None Include="packages.config" />
  </ItemGroup>
  <ItemGroup>
    <ResourceCompile Include="..\..\resource.rc">
      <Filter>resource</Filter>
    </ResourceCompile>
  </ItemGroup>
</Project>
