<?xml version="1.0" encoding="utf-8"?>
<Project ToolsVersion="4.0" xmlns="http://schemas.microsoft.com/developer/msbuild/2003">
  <ItemGroup>
    <None Include="packages.config" />
  </ItemGroup>
  <ItemGroup>
    <Filter Include="src">
      <UniqueIdentifier>{86b385b3-059d-41a9-8455-6e217c481c69}</UniqueIdentifier>
    </Filter>
    <Filter Include="src\service">
      <UniqueIdentifier>{4897c614-3d98-47d0-a4f3-b7e2b5304397}</UniqueIdentifier>
    </Filter>
    <Filter Include="include">
      <UniqueIdentifier>{0c78674f-a42d-4615-8d15-07e2c77e20d6}</UniqueIdentifier>
    </Filter>
    <Filter Include="include\bitcoin">
      <UniqueIdentifier>{cbeb86c4-9390-4998-9e84-91fd33719265}</UniqueIdentifier>
    </Filter>
    <Filter Include="include\bitcoin\server">
      <UniqueIdentifier>{f1b85926-a0d1-4f86-a380-32ac7c8a8b73}</UniqueIdentifier>
    </Filter>
    <Filter Include="include\bitcoin\server\service">
      <UniqueIdentifier>{12ff4913-25e2-4e09-aada-cccc3ba3f796}</UniqueIdentifier>
    </Filter>
    <Filter Include="src\config">
      <UniqueIdentifier>{426ae8b7-d26d-4451-85c8-30865a3de442}</UniqueIdentifier>
    </Filter>
    <Filter Include="include\bitcoin\server\config">
      <UniqueIdentifier>{3a649328-f790-43cc-bd32-c82477416648}</UniqueIdentifier>
    </Filter>
  </ItemGroup>
  <ItemGroup>
    <ClInclude Include="..\..\resource.h" />
    <ClInclude Include="..\..\..\..\include\bitcoin\server\subscribe_manager.hpp">
      <Filter>include\bitcoin\server</Filter>
    </ClInclude>
    <ClInclude Include="..\..\..\..\include\bitcoin\server\version.hpp">
      <Filter>include\bitcoin\server</Filter>
    </ClInclude>
    <ClInclude Include="..\..\..\..\include\bitcoin\server\worker.hpp">
      <Filter>include\bitcoin\server</Filter>
    </ClInclude>
    <ClInclude Include="..\..\..\..\include\bitcoin\server\message.hpp">
      <Filter>include\bitcoin\server</Filter>
    </ClInclude>
    <ClInclude Include="..\..\..\..\include\bitcoin\server\publisher.hpp">
      <Filter>include\bitcoin\server</Filter>
    </ClInclude>
    <ClInclude Include="..\..\..\..\include\bitcoin\server\service\protocol.hpp">
      <Filter>include\bitcoin\server\service</Filter>
    </ClInclude>
    <ClInclude Include="..\..\..\..\include\bitcoin\server\service\transaction_pool.hpp">
      <Filter>include\bitcoin\server\service</Filter>
    </ClInclude>
    <ClInclude Include="..\..\..\..\include\bitcoin\server\service\util.hpp">
      <Filter>include\bitcoin\server\service</Filter>
    </ClInclude>
    <ClInclude Include="..\..\..\..\include\bitcoin\server\service\blockchain.hpp">
      <Filter>include\bitcoin\server\service</Filter>
    </ClInclude>
    <ClInclude Include="..\..\..\..\include\bitcoin\server\service\compat.hpp">
      <Filter>include\bitcoin\server\service</Filter>
    </ClInclude>
    <ClInclude Include="..\..\..\..\include\bitcoin\server\service\fetch_x.hpp">
      <Filter>include\bitcoin\server\service</Filter>
    </ClInclude>
    <ClInclude Include="..\..\..\..\include\bitcoin\server\dispatch.hpp">
      <Filter>include\bitcoin\server</Filter>
    </ClInclude>
    <ClInclude Include="..\..\..\..\include\bitcoin\server\define.hpp">
      <Filter>include\bitcoin\server</Filter>
    </ClInclude>
    <ClInclude Include="..\..\..\..\include\bitcoin\server\server_node.hpp">
      <Filter>include\bitcoin\server</Filter>
    </ClInclude>
    <ClInclude Include="..\..\..\..\include\bitcoin\server\config\endpoint.hpp">
      <Filter>include\bitcoin\server\config</Filter>
    </ClInclude>
    <ClInclude Include="..\..\..\..\include\bitcoin\server\config\settings.hpp">
      <Filter>include\bitcoin\server\config</Filter>
    </ClInclude>
    <ClInclude Include="..\..\..\..\include\bitcoin\server\config\config.hpp">
      <Filter>include\bitcoin\server\config</Filter>
    </ClInclude>
  </ItemGroup>
  <ItemGroup>
    <ClCompile Include="..\..\..\..\src\service\blockchain.cpp">
      <Filter>src\service</Filter>
    </ClCompile>
    <ClCompile Include="..\..\..\..\src\service\fetch_x.cpp">
      <Filter>src\service</Filter>
    </ClCompile>
    <ClCompile Include="..\..\..\..\src\service\protocol.cpp">
      <Filter>src\service</Filter>
    </ClCompile>
    <ClCompile Include="..\..\..\..\src\service\transaction_pool.cpp">
      <Filter>src\service</Filter>
    </ClCompile>
    <ClCompile Include="..\..\..\..\src\message.cpp">
      <Filter>src</Filter>
    </ClCompile>
    <ClCompile Include="..\..\..\..\src\publisher.cpp">
      <Filter>src</Filter>
    </ClCompile>
    <ClCompile Include="..\..\..\..\src\subscribe_manager.cpp">
      <Filter>src</Filter>
    </ClCompile>
    <ClCompile Include="..\..\..\..\src\worker.cpp">
      <Filter>src</Filter>
    </ClCompile>
    <ClCompile Include="..\..\..\..\src\service\compat.cpp">
      <Filter>src\service</Filter>
    </ClCompile>
    <ClCompile Include="..\..\..\..\src\dispatch.cpp">
      <Filter>src</Filter>
    </ClCompile>
    <ClCompile Include="..\..\..\..\src\server_node.cpp">
      <Filter>src</Filter>
    </ClCompile>
    <ClCompile Include="..\..\..\..\src\config\endpoint.cpp">
      <Filter>src\config</Filter>
    </ClCompile>
    <ClCompile Include="..\..\..\..\src\config\settings.cpp">
      <Filter>src\config</Filter>
    </ClCompile>
    <ClCompile Include="..\..\..\..\src\config\config.cpp">
      <Filter>src\config</Filter>
    </ClCompile>
  </ItemGroup>
  <ItemGroup>
    <ResourceCompile Include="..\..\resource.rc" />
  </ItemGroup>
</Project>