<?xml version="1.0" encoding="utf-8"?>
<Project ToolsVersion="4.0" xmlns="http://schemas.microsoft.com/developer/msbuild/2003">
  <ItemGroup>
    <None Include="packages.config" />
  </ItemGroup>
  <ItemGroup>
    <Filter Include="src">
      <UniqueIdentifier>{86b385b3-059d-41a9-8455-6e217c481c69}</UniqueIdentifier>
    </Filter>
    <Filter Include="include">
      <UniqueIdentifier>{0c78674f-a42d-4615-8d15-07e2c77e20d6}</UniqueIdentifier>
    </Filter>
    <Filter Include="include\bitcoin">
      <UniqueIdentifier>{cbeb86c4-9390-4998-9e84-91fd33719265}</UniqueIdentifier>
    </Filter>
    <Filter Include="include\bitcoin\server">
      <UniqueIdentifier>{f1b85926-a0d1-4f86-a380-32ac7c8a8b73}</UniqueIdentifier>
    </Filter>
    <Filter Include="include\bitcoin\server\queries">
      <UniqueIdentifier>{ca115887-a19b-48e1-ad59-16400aa7a1de}</UniqueIdentifier>
    </Filter>
    <Filter Include="src\queries">
      <UniqueIdentifier>{4dac9ec3-0b55-4804-90b2-1825858f8bfd}</UniqueIdentifier>
    </Filter>
    <Filter Include="include\bitcoin\server\messaging">
      <UniqueIdentifier>{e8a08974-3fec-4a14-b035-3361708e3647}</UniqueIdentifier>
    </Filter>
    <Filter Include="src\messaging">
      <UniqueIdentifier>{44190abb-315a-4171-91a1-2e562c50cfc4}</UniqueIdentifier>
    </Filter>
  </ItemGroup>
  <ItemGroup>
    <ClInclude Include="..\..\resource.h" />
    <ClInclude Include="..\..\..\..\include\bitcoin\server\version.hpp">
      <Filter>include\bitcoin\server</Filter>
    </ClInclude>
    <ClInclude Include="..\..\..\..\include\bitcoin\server\dispatch.hpp">
      <Filter>include\bitcoin\server</Filter>
    </ClInclude>
    <ClInclude Include="..\..\..\..\include\bitcoin\server\define.hpp">
      <Filter>include\bitcoin\server</Filter>
    </ClInclude>
    <ClInclude Include="..\..\..\..\include\bitcoin\server\server_node.hpp">
      <Filter>include\bitcoin\server</Filter>
    </ClInclude>
    <ClInclude Include="..\..\..\..\include\bitcoin\server.hpp">
      <Filter>include\bitcoin</Filter>
    </ClInclude>
    <ClInclude Include="..\..\..\..\include\bitcoin\server\configuration.hpp">
      <Filter>include\bitcoin\server</Filter>
    </ClInclude>
    <ClInclude Include="..\..\..\..\include\bitcoin\server\parser.hpp">
      <Filter>include\bitcoin\server</Filter>
    </ClInclude>
    <ClInclude Include="..\..\..\..\include\bitcoin\server\settings.hpp">
      <Filter>include\bitcoin\server</Filter>
    </ClInclude>
    <ClInclude Include="..\..\..\..\include\bitcoin\server\queries\blockchain.hpp">
      <Filter>include\bitcoin\server\queries</Filter>
    </ClInclude>
    <ClInclude Include="..\..\..\..\include\bitcoin\server\queries\protocol.hpp">
      <Filter>include\bitcoin\server\queries</Filter>
    </ClInclude>
    <ClInclude Include="..\..\..\..\include\bitcoin\server\queries\transaction_pool.hpp">
      <Filter>include\bitcoin\server\queries</Filter>
    </ClInclude>
    <ClInclude Include="..\..\..\..\include\bitcoin\server\messaging\request_worker.hpp">
      <Filter>include\bitcoin\server\messaging</Filter>
    </ClInclude>
    <ClInclude Include="..\..\..\..\include\bitcoin\server\messaging\send_worker.hpp">
      <Filter>include\bitcoin\server\messaging</Filter>
    </ClInclude>
    <ClInclude Include="..\..\..\..\include\bitcoin\server\messaging\subscribe_manager.hpp">
      <Filter>include\bitcoin\server\messaging</Filter>
    </ClInclude>
    <ClInclude Include="..\..\..\..\include\bitcoin\server\messaging\incoming_message.hpp">
      <Filter>include\bitcoin\server\messaging</Filter>
    </ClInclude>
    <ClInclude Include="..\..\..\..\include\bitcoin\server\messaging\outgoing_message.hpp">
      <Filter>include\bitcoin\server\messaging</Filter>
    </ClInclude>
    <ClInclude Include="..\..\..\..\include\bitcoin\server\messaging\publisher.hpp">
      <Filter>include\bitcoin\server\messaging</Filter>
    </ClInclude>
    <ClInclude Include="..\..\..\..\src\queries\utility.hpp">
      <Filter>src\queries</Filter>
    </ClInclude>
  </ItemGroup>
  <ItemGroup>
    <ClCompile Include="..\..\..\..\src\dispatch.cpp">
      <Filter>src</Filter>
    </ClCompile>
    <ClCompile Include="..\..\..\..\src\server_node.cpp">
      <Filter>src</Filter>
    </ClCompile>
    <ClCompile Include="..\..\..\..\src\parser.cpp">
      <Filter>src</Filter>
    </ClCompile>
    <ClCompile Include="..\..\..\..\src\settings.cpp">
      <Filter>src</Filter>
    </ClCompile>
    <ClCompile Include="..\..\..\..\src\queries\protocol.cpp">
      <Filter>src\queries</Filter>
    </ClCompile>
    <ClCompile Include="..\..\..\..\src\queries\transaction_pool.cpp">
      <Filter>src\queries</Filter>
    </ClCompile>
    <ClCompile Include="..\..\..\..\src\queries\blockchain.cpp">
      <Filter>src\queries</Filter>
    </ClCompile>
    <ClCompile Include="..\..\..\..\src\messaging\publisher.cpp">
      <Filter>src\messaging</Filter>
    </ClCompile>
    <ClCompile Include="..\..\..\..\src\messaging\request_worker.cpp">
      <Filter>src\messaging</Filter>
    </ClCompile>
    <ClCompile Include="..\..\..\..\src\messaging\send_worker.cpp">
      <Filter>src\messaging</Filter>
    </ClCompile>
    <ClCompile Include="..\..\..\..\src\messaging\subscribe_manager.cpp">
      <Filter>src\messaging</Filter>
    </ClCompile>
    <ClCompile Include="..\..\..\..\src\messaging\incoming_message.cpp">
      <Filter>src\messaging</Filter>
    </ClCompile>
    <ClCompile Include="..\..\..\..\src\messaging\outgoing_message.cpp">
      <Filter>src\messaging</Filter>
    </ClCompile>
    <ClCompile Include="..\..\..\..\src\queries\utility.cpp">
      <Filter>src\queries</Filter>
    </ClCompile>
  </ItemGroup>
  <ItemGroup>
    <ResourceCompile Include="..\..\resource.rc" />
  </ItemGroup>
</Project>